{
    "requires": true,
    "lockfileVersion": 1,
    "dependencies": {
    "audio-recorder-polyfill": {
        "version": "0.1.3",
        "resolved": "https://registry.npmjs.org/audio-recorder-polyfill/-/audio-recorder-polyfill-0.1.3.tgz",
        "integrity": "sha512-McxsdEpJeeq8CEY9UmDpweUnuI0iOEg7jmLYEo5O6lcclNc/poMFiA2SliBpi0WXJ6T9cfUk8Iu0BlZFZFqR+w=="
        }
    }
}
